
Microsoft Visual Studio Solution File, Format Version 12.00
# Visual Studio Version 17
VisualStudioVersion = 17.12.35521.163
MinimumVisualStudioVersion = 10.0.40219.1
Project("{FAE04EC0-301F-11D3-BF4B-00C04F79EFBC}") = "TVCheck.Data", "TVCheck\TVCheck.Data.csproj", "{B65ADC75-392F-4A49-AA7C-EF223819F2A7}"
EndProject
Project("{FAE04EC0-301F-11D3-BF4B-00C04F79EFBC}") = "TVCheck.Infrastructure", "TVCheck.Infrastructure\TVCheck.Infrastructure.csproj", "{2FB79CC9-55EF-422B-9243-8D3BD8B17430}"
EndProject
Project("{FAE04EC0-301F-11D3-BF4B-00C04F79EFBC}") = "TVCheck.WinApp", "TvCheck.WinApp\TVCheck.WinApp.csproj", "{77F1D64D-C49C-4866-BA01-3A9C06476988}"
EndProject
Global
	GlobalSection(SolutionConfigurationPlatforms) = preSolution
		Debug|Any CPU = Debug|Any CPU
		Release|Any CPU = Release|Any CPU
	EndGlobalSection
	GlobalSection(ProjectConfigurationPlatforms) = postSolution
		{B65ADC75-392F-4A49-AA7C-EF223819F2A7}.Debug|Any CPU.ActiveCfg = Debug|Any CPU
		{B65ADC75-392F-4A49-AA7C-EF223819F2A7}.Debug|Any CPU.Build.0 = Debug|Any CPU
		{B65ADC75-392F-4A49-AA7C-EF223819F2A7}.Release|Any CPU.ActiveCfg = Release|Any CPU
		{B65ADC75-392F-4A49-AA7C-EF223819F2A7}.Release|Any CPU.Build.0 = Release|Any CPU
		{2FB79CC9-55EF-422B-9243-8D3BD8B17430}.Debug|Any CPU.ActiveCfg = Debug|Any CPU
		{2FB79CC9-55EF-422B-9243-8D3BD8B17430}.Debug|Any CPU.Build.0 = Debug|Any CPU
		{2FB79CC9-55EF-422B-9243-8D3BD8B17430}.Release|Any CPU.ActiveCfg = Release|Any CPU
		{2FB79CC9-55EF-422B-9243-8D3BD8B17430}.Release|Any CPU.Build.0 = Release|Any CPU
		{77F1D64D-C49C-4866-BA01-3A9C06476988}.Debug|Any CPU.ActiveCfg = Debug|Any CPU
		{77F1D64D-C49C-4866-BA01-3A9C06476988}.Debug|Any CPU.Build.0 = Debug|Any CPU
		{77F1D64D-C49C-4866-BA01-3A9C06476988}.Release|Any CPU.ActiveCfg = Release|Any CPU
		{77F1D64D-C49C-4866-BA01-3A9C06476988}.Release|Any CPU.Build.0 = Release|Any CPU
	EndGlobalSection
	GlobalSection(SolutionProperties) = preSolution
		HideSolutionNode = FALSE
	EndGlobalSection
EndGlobal
